git.rpjosh.de/RPJosh/go-logger v1.3.4 h1:G43Te4geHzwkTThi3VTGuZS2F1Rmv2wwfWNo/UZ/bb8=
git.rpjosh.de/RPJosh/go-logger v1.3.4/go.mod h1:iD3KaRyOIkYMj7E+xFMn5uDVCzW1lSJQopz1Fl1+BSM=
golang.org/x/sys v0.27.0 h1:wBqf8DvsY9Y/2P8gAfPDEYNuS30J4lPHJxXSb/nJZ+s=
golang.org/x/sys v0.27.0/go.mod h1:/VUhepiaJMQUp4+oa/7Zr1D23ma6VTLIYjOOTFZPUcA=
